
Microsoft Visual Studio Solution File, Format Version 12.00
# Visual Studio Version 16
VisualStudioVersion = 16.0.31424.327
MinimumVisualStudioVersion = 10.0.40219.1
Project("{FAE04EC0-301F-11D3-BF4B-00C04F79EFBC}") = "Exercicios-codelab1", "Exercicios-codelab1\Exercicios-codelab1.csproj", "{883B8407-7646-4245-84E6-BA094647675D}"
EndProject
Global
	GlobalSection(SolutionConfigurationPlatforms) = preSolution
		Debug|Any CPU = Debug|Any CPU
		Release|Any CPU = Release|Any CPU
	EndGlobalSection
	GlobalSection(ProjectConfigurationPlatforms) = postSolution
		{883B8407-7646-4245-84E6-BA094647675D}.Debug|Any CPU.ActiveCfg = Debug|Any CPU
		{883B8407-7646-4245-84E6-BA094647675D}.Debug|Any CPU.Build.0 = Debug|Any CPU
		{883B8407-7646-4245-84E6-BA094647675D}.Release|Any CPU.ActiveCfg = Release|Any CPU
		{883B8407-7646-4245-84E6-BA094647675D}.Release|Any CPU.Build.0 = Release|Any CPU
	EndGlobalSection
	GlobalSection(SolutionProperties) = preSolution
		HideSolutionNode = FALSE
	EndGlobalSection
	GlobalSection(ExtensibilityGlobals) = postSolution
		SolutionGuid = {E4555BC7-C040-4B90-A563-9896D506FD00}
	EndGlobalSection
EndGlobal
